
Microsoft Visual Studio Solution File, Format Version 12.00
# Visual Studio 15
VisualStudioVersion = 15.0.26124.0
MinimumVisualStudioVersion = 15.0.26124.0
Project("{FAE04EC0-301F-11D3-BF4B-00C04F79EFBC}") = "SharpCR.Registry", "SharpCR.Registry\SharpCR.Registry.csproj", "{FAEA53CD-8C6D-464A-B618-8341583B5DBC}"
EndProject
Project("{FAE04EC0-301F-11D3-BF4B-00C04F79EFBC}") = "SharpCR.Registry.Tests", "SharpCR.Registry.Tests\SharpCR.Registry.Tests.csproj", "{721CBF8A-F13F-4946-9F34-2FCA7C1CA35F}"
EndProject
Project("{FAE04EC0-301F-11D3-BF4B-00C04F79EFBC}") = "SharpCR.Features.LocalStorage", "SharpCR.Features.LocalStorage\SharpCR.Features.LocalStorage.csproj", "{F31B64A5-F276-4657-A5B0-DFA52130B208}"
EndProject
Project("{FAE04EC0-301F-11D3-BF4B-00C04F79EFBC}") = "SharpCR", "SharpCR\SharpCR.csproj", "{2A13A164-A48A-412C-B7F0-A1BD30762873}"
EndProject
Project("{FAE04EC0-301F-11D3-BF4B-00C04F79EFBC}") = "SharpCR.Features", "SharpCR.Features\SharpCR.Features.csproj", "{8849601B-53A8-496E-8B51-98BF345E7E5E}"
EndProject
Global
	GlobalSection(SolutionConfigurationPlatforms) = preSolution
		Debug|Any CPU = Debug|Any CPU
		Debug|x64 = Debug|x64
		Debug|x86 = Debug|x86
		Release|Any CPU = Release|Any CPU
		Release|x64 = Release|x64
		Release|x86 = Release|x86
	EndGlobalSection
	GlobalSection(SolutionProperties) = preSolution
		HideSolutionNode = FALSE
	EndGlobalSection
	GlobalSection(ProjectConfigurationPlatforms) = postSolution
		{FAEA53CD-8C6D-464A-B618-8341583B5DBC}.Debug|Any CPU.ActiveCfg = Debug|Any CPU
		{FAEA53CD-8C6D-464A-B618-8341583B5DBC}.Debug|Any CPU.Build.0 = Debug|Any CPU
		{FAEA53CD-8C6D-464A-B618-8341583B5DBC}.Debug|x64.ActiveCfg = Debug|Any CPU
		{FAEA53CD-8C6D-464A-B618-8341583B5DBC}.Debug|x64.Build.0 = Debug|Any CPU
		{FAEA53CD-8C6D-464A-B618-8341583B5DBC}.Debug|x86.ActiveCfg = Debug|Any CPU
		{FAEA53CD-8C6D-464A-B618-8341583B5DBC}.Debug|x86.Build.0 = Debug|Any CPU
		{FAEA53CD-8C6D-464A-B618-8341583B5DBC}.Release|Any CPU.ActiveCfg = Release|Any CPU
		{FAEA53CD-8C6D-464A-B618-8341583B5DBC}.Release|Any CPU.Build.0 = Release|Any CPU
		{FAEA53CD-8C6D-464A-B618-8341583B5DBC}.Release|x64.ActiveCfg = Release|Any CPU
		{FAEA53CD-8C6D-464A-B618-8341583B5DBC}.Release|x64.Build.0 = Release|Any CPU
		{FAEA53CD-8C6D-464A-B618-8341583B5DBC}.Release|x86.ActiveCfg = Release|Any CPU
		{FAEA53CD-8C6D-464A-B618-8341583B5DBC}.Release|x86.Build.0 = Release|Any CPU
		{721CBF8A-F13F-4946-9F34-2FCA7C1CA35F}.Debug|Any CPU.ActiveCfg = Debug|Any CPU
		{721CBF8A-F13F-4946-9F34-2FCA7C1CA35F}.Debug|Any CPU.Build.0 = Debug|Any CPU
		{721CBF8A-F13F-4946-9F34-2FCA7C1CA35F}.Debug|x64.ActiveCfg = Debug|Any CPU
		{721CBF8A-F13F-4946-9F34-2FCA7C1CA35F}.Debug|x64.Build.0 = Debug|Any CPU
		{721CBF8A-F13F-4946-9F34-2FCA7C1CA35F}.Debug|x86.ActiveCfg = Debug|Any CPU
		{721CBF8A-F13F-4946-9F34-2FCA7C1CA35F}.Debug|x86.Build.0 = Debug|Any CPU
		{721CBF8A-F13F-4946-9F34-2FCA7C1CA35F}.Release|Any CPU.ActiveCfg = Release|Any CPU
		{721CBF8A-F13F-4946-9F34-2FCA7C1CA35F}.Release|Any CPU.Build.0 = Release|Any CPU
		{721CBF8A-F13F-4946-9F34-2FCA7C1CA35F}.Release|x64.ActiveCfg = Release|Any CPU
		{721CBF8A-F13F-4946-9F34-2FCA7C1CA35F}.Release|x64.Build.0 = Release|Any CPU
		{721CBF8A-F13F-4946-9F34-2FCA7C1CA35F}.Release|x86.ActiveCfg = Release|Any CPU
		{721CBF8A-F13F-4946-9F34-2FCA7C1CA35F}.Release|x86.Build.0 = Release|Any CPU
		{F31B64A5-F276-4657-A5B0-DFA52130B208}.Debug|Any CPU.ActiveCfg = Debug|Any CPU
		{F31B64A5-F276-4657-A5B0-DFA52130B208}.Debug|Any CPU.Build.0 = Debug|Any CPU
		{F31B64A5-F276-4657-A5B0-DFA52130B208}.Debug|x64.ActiveCfg = Debug|Any CPU
		{F31B64A5-F276-4657-A5B0-DFA52130B208}.Debug|x64.Build.0 = Debug|Any CPU
		{F31B64A5-F276-4657-A5B0-DFA52130B208}.Debug|x86.ActiveCfg = Debug|Any CPU
		{F31B64A5-F276-4657-A5B0-DFA52130B208}.Debug|x86.Build.0 = Debug|Any CPU
		{F31B64A5-F276-4657-A5B0-DFA52130B208}.Release|Any CPU.ActiveCfg = Release|Any CPU
		{F31B64A5-F276-4657-A5B0-DFA52130B208}.Release|Any CPU.Build.0 = Release|Any CPU
		{F31B64A5-F276-4657-A5B0-DFA52130B208}.Release|x64.ActiveCfg = Release|Any CPU
		{F31B64A5-F276-4657-A5B0-DFA52130B208}.Release|x64.Build.0 = Release|Any CPU
		{F31B64A5-F276-4657-A5B0-DFA52130B208}.Release|x86.ActiveCfg = Release|Any CPU
		{F31B64A5-F276-4657-A5B0-DFA52130B208}.Release|x86.Build.0 = Release|Any CPU
		{2A13A164-A48A-412C-B7F0-A1BD30762873}.Debug|Any CPU.ActiveCfg = Debug|Any CPU
		{2A13A164-A48A-412C-B7F0-A1BD30762873}.Debug|Any CPU.Build.0 = Debug|Any CPU
		{2A13A164-A48A-412C-B7F0-A1BD30762873}.Debug|x64.ActiveCfg = Debug|Any CPU
		{2A13A164-A48A-412C-B7F0-A1BD30762873}.Debug|x64.Build.0 = Debug|Any CPU
		{2A13A164-A48A-412C-B7F0-A1BD30762873}.Debug|x86.ActiveCfg = Debug|Any CPU
		{2A13A164-A48A-412C-B7F0-A1BD30762873}.Debug|x86.Build.0 = Debug|Any CPU
		{2A13A164-A48A-412C-B7F0-A1BD30762873}.Release|Any CPU.ActiveCfg = Release|Any CPU
		{2A13A164-A48A-412C-B7F0-A1BD30762873}.Release|Any CPU.Build.0 = Release|Any CPU
		{2A13A164-A48A-412C-B7F0-A1BD30762873}.Release|x64.ActiveCfg = Release|Any CPU
		{2A13A164-A48A-412C-B7F0-A1BD30762873}.Release|x64.Build.0 = Release|Any CPU
		{2A13A164-A48A-412C-B7F0-A1BD30762873}.Release|x86.ActiveCfg = Release|Any CPU
		{2A13A164-A48A-412C-B7F0-A1BD30762873}.Release|x86.Build.0 = Release|Any CPU
		{8849601B-53A8-496E-8B51-98BF345E7E5E}.Debug|Any CPU.ActiveCfg = Debug|Any CPU
		{8849601B-53A8-496E-8B51-98BF345E7E5E}.Debug|Any CPU.Build.0 = Debug|Any CPU
		{8849601B-53A8-496E-8B51-98BF345E7E5E}.Debug|x64.ActiveCfg = Debug|Any CPU
		{8849601B-53A8-496E-8B51-98BF345E7E5E}.Debug|x64.Build.0 = Debug|Any CPU
		{8849601B-53A8-496E-8B51-98BF345E7E5E}.Debug|x86.ActiveCfg = Debug|Any CPU
		{8849601B-53A8-496E-8B51-98BF345E7E5E}.Debug|x86.Build.0 = Debug|Any CPU
		{8849601B-53A8-496E-8B51-98BF345E7E5E}.Release|Any CPU.ActiveCfg = Release|Any CPU
		{8849601B-53A8-496E-8B51-98BF345E7E5E}.Release|Any CPU.Build.0 = Release|Any CPU
		{8849601B-53A8-496E-8B51-98BF345E7E5E}.Release|x64.ActiveCfg = Release|Any CPU
		{8849601B-53A8-496E-8B51-98BF345E7E5E}.Release|x64.Build.0 = Release|Any CPU
		{8849601B-53A8-496E-8B51-98BF345E7E5E}.Release|x86.ActiveCfg = Release|Any CPU
		{8849601B-53A8-496E-8B51-98BF345E7E5E}.Release|x86.Build.0 = Release|Any CPU
	EndGlobalSection
EndGlobal
